// !$*UTF8*$!
{
	archiveVersion = 1;
	classes = {
	};
	objectVersion = 46;
	objects = {

/* Begin PBXBuildFile section */
		0C33FC178B507F7B89AF53DE /* Pods_Food_GeneratorUITests.framework in Frameworks */ = {isa = PBXBuildFile; fileRef = 2666C2E4AB6FF967F772E17A /* Pods_Food_GeneratorUITests.framework */; };
		7D47C74DCD04CA22C9CF7751 /* Pods_Food_Generator.framework in Frameworks */ = {isa = PBXBuildFile; fileRef = A24DF5E2A16BF3D98388CE0A /* Pods_Food_Generator.framework */; };
		E6D3577A63F1BCDB6AD710CC /* Pods_Food_GeneratorTests.framework in Frameworks */ = {isa = PBXBuildFile; fileRef = F67497DD2C8B20F044040485 /* Pods_Food_GeneratorTests.framework */; };
		ED23A0F31E871BB500798067 /* dinnerVC.swift in Sources */ = {isa = PBXBuildFile; fileRef = ED23A0F21E871BB500798067 /* dinnerVC.swift */; };
		ED23A0F51E871BCD00798067 /* addNewMealVC.swift in Sources */ = {isa = PBXBuildFile; fileRef = ED23A0F41E871BCD00798067 /* addNewMealVC.swift */; };
		ED4775791E6B6B7500B78118 /* AppDelegate.swift in Sources */ = {isa = PBXBuildFile; fileRef = ED4775781E6B6B7500B78118 /* AppDelegate.swift */; };
		ED47757B1E6B6B7500B78118 /* ViewController.swift in Sources */ = {isa = PBXBuildFile; fileRef = ED47757A1E6B6B7500B78118 /* ViewController.swift */; };
		ED47757E1E6B6B7500B78118 /* Main.storyboard in Resources */ = {isa = PBXBuildFile; fileRef = ED47757C1E6B6B7500B78118 /* Main.storyboard */; };
		ED4775801E6B6B7500B78118 /* Assets.xcassets in Resources */ = {isa = PBXBuildFile; fileRef = ED47757F1E6B6B7500B78118 /* Assets.xcassets */; };
		ED4775831E6B6B7500B78118 /* LaunchScreen.storyboard in Resources */ = {isa = PBXBuildFile; fileRef = ED4775811E6B6B7500B78118 /* LaunchScreen.storyboard */; };
		ED47758E1E6B6B7500B78118 /* Food_GeneratorTests.swift in Sources */ = {isa = PBXBuildFile; fileRef = ED47758D1E6B6B7500B78118 /* Food_GeneratorTests.swift */; };
		ED4775991E6B6B7500B78118 /* Food_GeneratorUITests.swift in Sources */ = {isa = PBXBuildFile; fileRef = ED4775981E6B6B7500B78118 /* Food_GeneratorUITests.swift */; };
		ED4775A71E6B858200B78118 /* breakFastVC.swift in Sources */ = {isa = PBXBuildFile; fileRef = ED4775A61E6B858200B78118 /* breakFastVC.swift */; };
		ED93B77A1E8732F8001EBB93 /* GoogleService-Info.plist in Resources */ = {isa = PBXBuildFile; fileRef = ED93B7791E8732F8001EBB93 /* GoogleService-Info.plist */; };
/* End PBXBuildFile section */

/* Begin PBXContainerItemProxy section */
		ED47758A1E6B6B7500B78118 /* PBXContainerItemProxy */ = {
			isa = PBXContainerItemProxy;
			containerPortal = ED47756D1E6B6B7400B78118 /* Project object */;
			proxyType = 1;
			remoteGlobalIDString = ED4775741E6B6B7400B78118;
			remoteInfo = "Food Generator";
		};
		ED4775951E6B6B7500B78118 /* PBXContainerItemProxy */ = {
			isa = PBXContainerItemProxy;
			containerPortal = ED47756D1E6B6B7400B78118 /* Project object */;
			proxyType = 1;
			remoteGlobalIDString = ED4775741E6B6B7400B78118;
			remoteInfo = "Food Generator";
		};
/* End PBXContainerItemProxy section */

/* Begin PBXFileReference section */
		2666C2E4AB6FF967F772E17A /* Pods_Food_GeneratorUITests.framework */ = {isa = PBXFileReference; explicitFileType = wrapper.framework; includeInIndex = 0; path = Pods_Food_GeneratorUITests.framework; sourceTree = BUILT_PRODUCTS_DIR; };
		2EF78852432F760A54934DCC /* Pods-Food GeneratorTests.debug.xcconfig */ = {isa = PBXFileReference; includeInIndex = 1; lastKnownFileType = text.xcconfig; name = "Pods-Food GeneratorTests.debug.xcconfig"; path = "Pods/Target Support Files/Pods-Food GeneratorTests/Pods-Food GeneratorTests.debug.xcconfig"; sourceTree = "<group>"; };
		4368D68DC3AB4F2F121F50A7 /* Pods-Food GeneratorUITests.release.xcconfig */ = {isa = PBXFileReference; includeInIndex = 1; lastKnownFileType = text.xcconfig; name = "Pods-Food GeneratorUITests.release.xcconfig"; path = "Pods/Target Support Files/Pods-Food GeneratorUITests/Pods-Food GeneratorUITests.release.xcconfig"; sourceTree = "<group>"; };
		4F76FF6B5CE6EBEB82D6E2F1 /* Pods-Food GeneratorTests.release.xcconfig */ = {isa = PBXFileReference; includeInIndex = 1; lastKnownFileType = text.xcconfig; name = "Pods-Food GeneratorTests.release.xcconfig"; path = "Pods/Target Support Files/Pods-Food GeneratorTests/Pods-Food GeneratorTests.release.xcconfig"; sourceTree = "<group>"; };
		50435F3C44D6F31341D58901 /* Pods-Food GeneratorUITests.debug.xcconfig */ = {isa = PBXFileReference; includeInIndex = 1; lastKnownFileType = text.xcconfig; name = "Pods-Food GeneratorUITests.debug.xcconfig"; path = "Pods/Target Support Files/Pods-Food GeneratorUITests/Pods-Food GeneratorUITests.debug.xcconfig"; sourceTree = "<group>"; };
		60BCDBFE759328A19980D681 /* Pods-Food Generator.release.xcconfig */ = {isa = PBXFileReference; includeInIndex = 1; lastKnownFileType = text.xcconfig; name = "Pods-Food Generator.release.xcconfig"; path = "Pods/Target Support Files/Pods-Food Generator/Pods-Food Generator.release.xcconfig"; sourceTree = "<group>"; };
		7464D1B1D27736332A2860BC /* Pods-Food Generator.debug.xcconfig */ = {isa = PBXFileReference; includeInIndex = 1; lastKnownFileType = text.xcconfig; name = "Pods-Food Generator.debug.xcconfig"; path = "Pods/Target Support Files/Pods-Food Generator/Pods-Food Generator.debug.xcconfig"; sourceTree = "<group>"; };
		A24DF5E2A16BF3D98388CE0A /* Pods_Food_Generator.framework */ = {isa = PBXFileReference; explicitFileType = wrapper.framework; includeInIndex = 0; path = Pods_Food_Generator.framework; sourceTree = BUILT_PRODUCTS_DIR; };
		ED23A0F21E871BB500798067 /* dinnerVC.swift */ = {isa = PBXFileReference; fileEncoding = 4; lastKnownFileType = sourcecode.swift; path = dinnerVC.swift; sourceTree = "<group>"; };
		ED23A0F41E871BCD00798067 /* addNewMealVC.swift */ = {isa = PBXFileReference; fileEncoding = 4; lastKnownFileType = sourcecode.swift; path = addNewMealVC.swift; sourceTree = "<group>"; };
		ED4775751E6B6B7500B78118 /* Food Generator.app */ = {isa = PBXFileReference; explicitFileType = wrapper.application; includeInIndex = 0; path = "Food Generator.app"; sourceTree = BUILT_PRODUCTS_DIR; };
		ED4775781E6B6B7500B78118 /* AppDelegate.swift */ = {isa = PBXFileReference; lastKnownFileType = sourcecode.swift; path = AppDelegate.swift; sourceTree = "<group>"; };
		ED47757A1E6B6B7500B78118 /* ViewController.swift */ = {isa = PBXFileReference; lastKnownFileType = sourcecode.swift; path = ViewController.swift; sourceTree = "<group>"; };
		ED47757D1E6B6B7500B78118 /* Base */ = {isa = PBXFileReference; lastKnownFileType = file.storyboard; name = Base; path = Base.lproj/Main.storyboard; sourceTree = "<group>"; };
		ED47757F1E6B6B7500B78118 /* Assets.xcassets */ = {isa = PBXFileReference; lastKnownFileType = folder.assetcatalog; path = Assets.xcassets; sourceTree = "<group>"; };
		ED4775821E6B6B7500B78118 /* Base */ = {isa = PBXFileReference; lastKnownFileType = file.storyboard; name = Base; path = Base.lproj/LaunchScreen.storyboard; sourceTree = "<group>"; };
		ED4775841E6B6B7500B78118 /* Info.plist */ = {isa = PBXFileReference; lastKnownFileType = text.plist.xml; path = Info.plist; sourceTree = "<group>"; };
		ED4775891E6B6B7500B78118 /* Food GeneratorTests.xctest */ = {isa = PBXFileReference; explicitFileType = wrapper.cfbundle; includeInIndex = 0; path = "Food GeneratorTests.xctest"; sourceTree = BUILT_PRODUCTS_DIR; };
		ED47758D1E6B6B7500B78118 /* Food_GeneratorTests.swift */ = {isa = PBXFileReference; lastKnownFileType = sourcecode.swift; path = Food_GeneratorTests.swift; sourceTree = "<group>"; };
		ED47758F1E6B6B7500B78118 /* Info.plist */ = {isa = PBXFileReference; lastKnownFileType = text.plist.xml; path = Info.plist; sourceTree = "<group>"; };
		ED4775941E6B6B7500B78118 /* Food GeneratorUITests.xctest */ = {isa = PBXFileReference; explicitFileType = wrapper.cfbundle; includeInIndex = 0; path = "Food GeneratorUITests.xctest"; sourceTree = BUILT_PRODUCTS_DIR; };
		ED4775981E6B6B7500B78118 /* Food_GeneratorUITests.swift */ = {isa = PBXFileReference; lastKnownFileType = sourcecode.swift; path = Food_GeneratorUITests.swift; sourceTree = "<group>"; };
		ED47759A1E6B6B7500B78118 /* Info.plist */ = {isa = PBXFileReference; lastKnownFileType = text.plist.xml; path = Info.plist; sourceTree = "<group>"; };
		ED4775A61E6B858200B78118 /* breakFastVC.swift */ = {isa = PBXFileReference; fileEncoding = 4; lastKnownFileType = sourcecode.swift; path = breakFastVC.swift; sourceTree = "<group>"; };
		ED93B7791E8732F8001EBB93 /* GoogleService-Info.plist */ = {isa = PBXFileReference; fileEncoding = 4; lastKnownFileType = text.plist.xml; path = "GoogleService-Info.plist"; sourceTree = "<group>"; };
		F67497DD2C8B20F044040485 /* Pods_Food_GeneratorTests.framework */ = {isa = PBXFileReference; explicitFileType = wrapper.framework; includeInIndex = 0; path = Pods_Food_GeneratorTests.framework; sourceTree = BUILT_PRODUCTS_DIR; };
/* End PBXFileReference section */

/* Begin PBXFrameworksBuildPhase section */
		ED4775721E6B6B7400B78118 /* Frameworks */ = {
			isa = PBXFrameworksBuildPhase;
			buildActionMask = 2147483647;
			files = (
				7D47C74DCD04CA22C9CF7751 /* Pods_Food_Generator.framework in Frameworks */,
			);
			runOnlyForDeploymentPostprocessing = 0;
		};
		ED4775861E6B6B7500B78118 /* Frameworks */ = {
			isa = PBXFrameworksBuildPhase;
			buildActionMask = 2147483647;
			files = (
				E6D3577A63F1BCDB6AD710CC /* Pods_Food_GeneratorTests.framework in Frameworks */,
			);
			runOnlyForDeploymentPostprocessing = 0;
		};
		ED4775911E6B6B7500B78118 /* Frameworks */ = {
			isa = PBXFrameworksBuildPhase;
			buildActionMask = 2147483647;
			files = (
				0C33FC178B507F7B89AF53DE /* Pods_Food_GeneratorUITests.framework in Frameworks */,
			);
			runOnlyForDeploymentPostprocessing = 0;
		};
/* End PBXFrameworksBuildPhase section */

/* Begin PBXGroup section */
		AE3513E72C2CCFC2E3E86FF6 /* Frameworks */ = {
			isa = PBXGroup;
			children = (
				A24DF5E2A16BF3D98388CE0A /* Pods_Food_Generator.framework */,
				F67497DD2C8B20F044040485 /* Pods_Food_GeneratorTests.framework */,
				2666C2E4AB6FF967F772E17A /* Pods_Food_GeneratorUITests.framework */,
			);
			name = Frameworks;
			sourceTree = "<group>";
		};
		D4BA5DC268461E74E5750F1F /* Pods */ = {
			isa = PBXGroup;
			children = (
				7464D1B1D27736332A2860BC /* Pods-Food Generator.debug.xcconfig */,
				60BCDBFE759328A19980D681 /* Pods-Food Generator.release.xcconfig */,
				2EF78852432F760A54934DCC /* Pods-Food GeneratorTests.debug.xcconfig */,
				4F76FF6B5CE6EBEB82D6E2F1 /* Pods-Food GeneratorTests.release.xcconfig */,
				50435F3C44D6F31341D58901 /* Pods-Food GeneratorUITests.debug.xcconfig */,
				4368D68DC3AB4F2F121F50A7 /* Pods-Food GeneratorUITests.release.xcconfig */,
			);
			name = Pods;
			sourceTree = "<group>";
		};
		ED47756C1E6B6B7400B78118 = {
			isa = PBXGroup;
			children = (
				ED4775771E6B6B7500B78118 /* Food Generator */,
				ED4775811E6B6B7500B78118 /* LaunchScreen.storyboard */,
				ED93B7791E8732F8001EBB93 /* GoogleService-Info.plist */,
				ED47758C1E6B6B7500B78118 /* Food GeneratorTests */,
				ED4775971E6B6B7500B78118 /* Food GeneratorUITests */,
				ED4775761E6B6B7500B78118 /* Products */,
				D4BA5DC268461E74E5750F1F /* Pods */,
				AE3513E72C2CCFC2E3E86FF6 /* Frameworks */,
			);
			sourceTree = "<group>";
		};
		ED4775761E6B6B7500B78118 /* Products */ = {
			isa = PBXGroup;
			children = (
				ED4775751E6B6B7500B78118 /* Food Generator.app */,
				ED4775891E6B6B7500B78118 /* Food GeneratorTests.xctest */,
				ED4775941E6B6B7500B78118 /* Food GeneratorUITests.xctest */,
			);
			name = Products;
			sourceTree = "<group>";
		};
		ED4775771E6B6B7500B78118 /* Food Generator */ = {
			isa = PBXGroup;
			children = (
				ED4775781E6B6B7500B78118 /* AppDelegate.swift */,
				ED47757A1E6B6B7500B78118 /* ViewController.swift */,
				ED47757C1E6B6B7500B78118 /* Main.storyboard */,
				ED47757F1E6B6B7500B78118 /* Assets.xcassets */,
				ED4775841E6B6B7500B78118 /* Info.plist */,
				ED4775A61E6B858200B78118 /* breakFastVC.swift */,
				ED23A0F21E871BB500798067 /* dinnerVC.swift */,
				ED23A0F41E871BCD00798067 /* addNewMealVC.swift */,
			);
			path = "Food Generator";
			sourceTree = "<group>";
		};
		ED47758C1E6B6B7500B78118 /* Food GeneratorTests */ = {
			isa = PBXGroup;
			children = (
				ED47758D1E6B6B7500B78118 /* Food_GeneratorTests.swift */,
				ED47758F1E6B6B7500B78118 /* Info.plist */,
			);
			path = "Food GeneratorTests";
			sourceTree = "<group>";
		};
		ED4775971E6B6B7500B78118 /* Food GeneratorUITests */ = {
			isa = PBXGroup;
			children = (
				ED4775981E6B6B7500B78118 /* Food_GeneratorUITests.swift */,
				ED47759A1E6B6B7500B78118 /* Info.plist */,
			);
			path = "Food GeneratorUITests";
			sourceTree = "<group>";
		};
/* End PBXGroup section */

/* Begin PBXNativeTarget section */
		ED4775741E6B6B7400B78118 /* Food Generator */ = {
			isa = PBXNativeTarget;
			buildConfigurationList = ED47759D1E6B6B7500B78118 /* Build configuration list for PBXNativeTarget "Food Generator" */;
			buildPhases = (
				C248A9E2460AA8F81E0879DE /* [CP] Check Pods Manifest.lock */,
				ED4775711E6B6B7400B78118 /* Sources */,
				ED4775721E6B6B7400B78118 /* Frameworks */,
				ED4775731E6B6B7400B78118 /* Resources */,
				D02B2246290CEED1D9F9094E /* [CP] Embed Pods Frameworks */,
				727CECDFDA4BE2C6F1B3C1BE /* [CP] Copy Pods Resources */,
			);
			buildRules = (
			);
			dependencies = (
			);
			name = "Food Generator";
			productName = "Food Generator";
			productReference = ED4775751E6B6B7500B78118 /* Food Generator.app */;
			productType = "com.apple.product-type.application";
		};
		ED4775881E6B6B7500B78118 /* Food GeneratorTests */ = {
			isa = PBXNativeTarget;
			buildConfigurationList = ED4775A01E6B6B7500B78118 /* Build configuration list for PBXNativeTarget "Food GeneratorTests" */;
			buildPhases = (
				C84465DD534D33631E80E410 /* [CP] Check Pods Manifest.lock */,
				ED4775851E6B6B7500B78118 /* Sources */,
				ED4775861E6B6B7500B78118 /* Frameworks */,
				ED4775871E6B6B7500B78118 /* Resources */,
				6DB30F68AE7829ED870BE136 /* [CP] Embed Pods Frameworks */,
				C15F64A0DD8027989D20B0F2 /* [CP] Copy Pods Resources */,
			);
			buildRules = (
			);
			dependencies = (
				ED47758B1E6B6B7500B78118 /* PBXTargetDependency */,
			);
			name = "Food GeneratorTests";
			productName = "Food GeneratorTests";
			productReference = ED4775891E6B6B7500B78118 /* Food GeneratorTests.xctest */;
			productType = "com.apple.product-type.bundle.unit-test";
		};
		ED4775931E6B6B7500B78118 /* Food GeneratorUITests */ = {
			isa = PBXNativeTarget;
			buildConfigurationList = ED4775A31E6B6B7500B78118 /* Build configuration list for PBXNativeTarget "Food GeneratorUITests" */;
			buildPhases = (
				239FABA3C5FDC5CDB3E8F591 /* [CP] Check Pods Manifest.lock */,
				ED4775901E6B6B7500B78118 /* Sources */,
				ED4775911E6B6B7500B78118 /* Frameworks */,
				ED4775921E6B6B7500B78118 /* Resources */,
				8F935655460DAD347DF39DB9 /* [CP] Embed Pods Frameworks */,
				975EFAA72EA0C8216FB25BD0 /* [CP] Copy Pods Resources */,
			);
			buildRules = (
			);
			dependencies = (
				ED4775961E6B6B7500B78118 /* PBXTargetDependency */,
			);
			name = "Food GeneratorUITests";
			productName = "Food GeneratorUITests";
			productReference = ED4775941E6B6B7500B78118 /* Food GeneratorUITests.xctest */;
			productType = "com.apple.product-type.bundle.ui-testing";
		};
/* End PBXNativeTarget section */

/* Begin PBXProject section */
		ED47756D1E6B6B7400B78118 /* Project object */ = {
			isa = PBXProject;
			attributes = {
				LastSwiftUpdateCheck = 0820;
				LastUpgradeCheck = 0820;
				ORGANIZATIONNAME = "Michał Grycki";
				TargetAttributes = {
					ED4775741E6B6B7400B78118 = {
						CreatedOnToolsVersion = 8.2.1;
						DevelopmentTeam = 23S346KH52;
						ProvisioningStyle = Automatic;
					};
					ED4775881E6B6B7500B78118 = {
						CreatedOnToolsVersion = 8.2.1;
						DevelopmentTeam = 23S346KH52;
						ProvisioningStyle = Automatic;
						TestTargetID = ED4775741E6B6B7400B78118;
					};
					ED4775931E6B6B7500B78118 = {
						CreatedOnToolsVersion = 8.2.1;
						DevelopmentTeam = 23S346KH52;
						ProvisioningStyle = Automatic;
						TestTargetID = ED4775741E6B6B7400B78118;
					};
				};
			};
			buildConfigurationList = ED4775701E6B6B7400B78118 /* Build configuration list for PBXProject "Food Generator" */;
			compatibilityVersion = "Xcode 3.2";
			developmentRegion = English;
			hasScannedForEncodings = 0;
			knownRegions = (
				en,
				Base,
			);
			mainGroup = ED47756C1E6B6B7400B78118;
			productRefGroup = ED4775761E6B6B7500B78118 /* Products */;
			projectDirPath = "";
			projectRoot = "";
			targets = (
				ED4775741E6B6B7400B78118 /* Food Generator */,
				ED4775881E6B6B7500B78118 /* Food GeneratorTests */,
				ED4775931E6B6B7500B78118 /* Food GeneratorUITests */,
			);
		};
/* End PBXProject section */

/* Begin PBXResourcesBuildPhase section */
		ED4775731E6B6B7400B78118 /* Resources */ = {
			isa = PBXResourcesBuildPhase;
			buildActionMask = 2147483647;
			files = (
				ED4775831E6B6B7500B78118 /* LaunchScreen.storyboard in Resources */,
				ED93B77A1E8732F8001EBB93 /* GoogleService-Info.plist in Resources */,
				ED4775801E6B6B7500B78118 /* Assets.xcassets in Resources */,
				ED47757E1E6B6B7500B78118 /* Main.storyboard in Resources */,
			);
			runOnlyForDeploymentPostprocessing = 0;
		};
		ED4775871E6B6B7500B78118 /* Resources */ = {
			isa = PBXResourcesBuildPhase;
			buildActionMask = 2147483647;
			files = (
			);
			runOnlyForDeploymentPostprocessing = 0;
		};
		ED4775921E6B6B7500B78118 /* Resources */ = {
			isa = PBXResourcesBuildPhase;
			buildActionMask = 2147483647;
			files = (
			);
			runOnlyForDeploymentPostprocessing = 0;
		};
/* End PBXResourcesBuildPhase section */

/* Begin PBXShellScriptBuildPhase section */
		239FABA3C5FDC5CDB3E8F591 /* [CP] Check Pods Manifest.lock */ = {
			isa = PBXShellScriptBuildPhase;
			buildActionMask = 2147483647;
			files = (
			);
			inputPaths = (
			);
			name = "[CP] Check Pods Manifest.lock";
			outputPaths = (
			);
			runOnlyForDeploymentPostprocessing = 0;
			shellPath = /bin/sh;
			shellScript = "diff \"${PODS_ROOT}/../Podfile.lock\" \"${PODS_ROOT}/Manifest.lock\" > /dev/null\nif [ $? != 0 ] ; then\n    # print error to STDERR\n    echo \"error: The sandbox is not in sync with the Podfile.lock. Run 'pod install' or update your CocoaPods installation.\" >&2\n    exit 1\nfi\n";
			showEnvVarsInLog = 0;
		};
		6DB30F68AE7829ED870BE136 /* [CP] Embed Pods Frameworks */ = {
			isa = PBXShellScriptBuildPhase;
			buildActionMask = 2147483647;
			files = (
			);
			inputPaths = (
			);
			name = "[CP] Embed Pods Frameworks";
			outputPaths = (
			);
			runOnlyForDeploymentPostprocessing = 0;
			shellPath = /bin/sh;
			shellScript = "\"${SRCROOT}/Pods/Target Support Files/Pods-Food GeneratorTests/Pods-Food GeneratorTests-frameworks.sh\"\n";
			showEnvVarsInLog = 0;
		};
		727CECDFDA4BE2C6F1B3C1BE /* [CP] Copy Pods Resources */ = {
			isa = PBXShellScriptBuildPhase;
			buildActionMask = 2147483647;
			files = (
			);
			inputPaths = (
			);
			name = "[CP] Copy Pods Resources";
			outputPaths = (
			);
			runOnlyForDeploymentPostprocessing = 0;
			shellPath = /bin/sh;
			shellScript = "\"${SRCROOT}/Pods/Target Support Files/Pods-Food Generator/Pods-Food Generator-resources.sh\"\n";
			showEnvVarsInLog = 0;
		};
		8F935655460DAD347DF39DB9 /* [CP] Embed Pods Frameworks */ = {
			isa = PBXShellScriptBuildPhase;
			buildActionMask = 2147483647;
			files = (
			);
			inputPaths = (
			);
			name = "[CP] Embed Pods Frameworks";
			outputPaths = (
			);
			runOnlyForDeploymentPostprocessing = 0;
			shellPath = /bin/sh;
			shellScript = "\"${SRCROOT}/Pods/Target Support Files/Pods-Food GeneratorUITests/Pods-Food GeneratorUITests-frameworks.sh\"\n";
			showEnvVarsInLog = 0;
		};
		975EFAA72EA0C8216FB25BD0 /* [CP] Copy Pods Resources */ = {
			isa = PBXShellScriptBuildPhase;
			buildActionMask = 2147483647;
			files = (
			);
			inputPaths = (
			);
			name = "[CP] Copy Pods Resources";
			outputPaths = (
			);
			runOnlyForDeploymentPostprocessing = 0;
			shellPath = /bin/sh;
			shellScript = "\"${SRCROOT}/Pods/Target Support Files/Pods-Food GeneratorUITests/Pods-Food GeneratorUITests-resources.sh\"\n";
			showEnvVarsInLog = 0;
		};
		C15F64A0DD8027989D20B0F2 /* [CP] Copy Pods Resources */ = {
			isa = PBXShellScriptBuildPhase;
			buildActionMask = 2147483647;
			files = (
			);
			inputPaths = (
			);
			name = "[CP] Copy Pods Resources";
			outputPaths = (
			);
			runOnlyForDeploymentPostprocessing = 0;
			shellPath = /bin/sh;
			shellScript = "\"${SRCROOT}/Pods/Target Support Files/Pods-Food GeneratorTests/Pods-Food GeneratorTests-resources.sh\"\n";
			showEnvVarsInLog = 0;
		};
		C248A9E2460AA8F81E0879DE /* [CP] Check Pods Manifest.lock */ = {
			isa = PBXShellScriptBuildPhase;
			buildActionMask = 2147483647;
			files = (
			);
			inputPaths = (
			);
			name = "[CP] Check Pods Manifest.lock";
			outputPaths = (
			);
			runOnlyForDeploymentPostprocessing = 0;
			shellPath = /bin/sh;
			shellScript = "diff \"${PODS_ROOT}/../Podfile.lock\" \"${PODS_ROOT}/Manifest.lock\" > /dev/null\nif [ $? != 0 ] ; then\n    # print error to STDERR\n    echo \"error: The sandbox is not in sync with the Podfile.lock. Run 'pod install' or update your CocoaPods installation.\" >&2\n    exit 1\nfi\n";
			showEnvVarsInLog = 0;
		};
		C84465DD534D33631E80E410 /* [CP] Check Pods Manifest.lock */ = {
			isa = PBXShellScriptBuildPhase;
			buildActionMask = 2147483647;
			files = (
			);
			inputPaths = (
			);
			name = "[CP] Check Pods Manifest.lock";
			outputPaths = (
			);
			runOnlyForDeploymentPostprocessing = 0;
			shellPath = /bin/sh;
			shellScript = "diff \"${PODS_ROOT}/../Podfile.lock\" \"${PODS_ROOT}/Manifest.lock\" > /dev/null\nif [ $? != 0 ] ; then\n    # print error to STDERR\n    echo \"error: The sandbox is not in sync with the Podfile.lock. Run 'pod install' or update your CocoaPods installation.\" >&2\n    exit 1\nfi\n";
			showEnvVarsInLog = 0;
		};
		D02B2246290CEED1D9F9094E /* [CP] Embed Pods Frameworks */ = {
			isa = PBXShellScriptBuildPhase;
			buildActionMask = 2147483647;
			files = (
			);
			inputPaths = (
			);
			name = "[CP] Embed Pods Frameworks";
			outputPaths = (
			);
			runOnlyForDeploymentPostprocessing = 0;
			shellPath = /bin/sh;
			shellScript = "\"${SRCROOT}/Pods/Target Support Files/Pods-Food Generator/Pods-Food Generator-frameworks.sh\"\n";
			showEnvVarsInLog = 0;
		};
/* End PBXShellScriptBuildPhase section */

/* Begin PBXSourcesBuildPhase section */
		ED4775711E6B6B7400B78118 /* Sources */ = {
			isa = PBXSourcesBuildPhase;
			buildActionMask = 2147483647;
			files = (
				ED23A0F51E871BCD00798067 /* addNewMealVC.swift in Sources */,
				ED47757B1E6B6B7500B78118 /* ViewController.swift in Sources */,
				ED4775791E6B6B7500B78118 /* AppDelegate.swift in Sources */,
				ED23A0F31E871BB500798067 /* dinnerVC.swift in Sources */,
				ED4775A71E6B858200B78118 /* breakFastVC.swift in Sources */,
			);
			runOnlyForDeploymentPostprocessing = 0;
		};
		ED4775851E6B6B7500B78118 /* Sources */ = {
			isa = PBXSourcesBuildPhase;
			buildActionMask = 2147483647;
			files = (
				ED47758E1E6B6B7500B78118 /* Food_GeneratorTests.swift in Sources */,
			);
			runOnlyForDeploymentPostprocessing = 0;
		};
		ED4775901E6B6B7500B78118 /* Sources */ = {
			isa = PBXSourcesBuildPhase;
			buildActionMask = 2147483647;
			files = (
				ED4775991E6B6B7500B78118 /* Food_GeneratorUITests.swift in Sources */,
			);
			runOnlyForDeploymentPostprocessing = 0;
		};
/* End PBXSourcesBuildPhase section */

/* Begin PBXTargetDependency section */
		ED47758B1E6B6B7500B78118 /* PBXTargetDependency */ = {
			isa = PBXTargetDependency;
			target = ED4775741E6B6B7400B78118 /* Food Generator */;
			targetProxy = ED47758A1E6B6B7500B78118 /* PBXContainerItemProxy */;
		};
		ED4775961E6B6B7500B78118 /* PBXTargetDependency */ = {
			isa = PBXTargetDependency;
			target = ED4775741E6B6B7400B78118 /* Food Generator */;
			targetProxy = ED4775951E6B6B7500B78118 /* PBXContainerItemProxy */;
		};
/* End PBXTargetDependency section */

/* Begin PBXVariantGroup section */
		ED47757C1E6B6B7500B78118 /* Main.storyboard */ = {
			isa = PBXVariantGroup;
			children = (
				ED47757D1E6B6B7500B78118 /* Base */,
			);
			name = Main.storyboard;
			sourceTree = "<group>";
		};
		ED4775811E6B6B7500B78118 /* LaunchScreen.storyboard */ = {
			isa = PBXVariantGroup;
			children = (
				ED4775821E6B6B7500B78118 /* Base */,
			);
			name = LaunchScreen.storyboard;
			path = "Food Generator";
			sourceTree = "<group>";
		};
/* End PBXVariantGroup section */

/* Begin XCBuildConfiguration section */
		ED47759B1E6B6B7500B78118 /* Debug */ = {
			isa = XCBuildConfiguration;
			buildSettings = {
				ALWAYS_SEARCH_USER_PATHS = NO;
				CLANG_ANALYZER_NONNULL = YES;
				CLANG_CXX_LANGUAGE_STANDARD = "gnu++0x";
				CLANG_CXX_LIBRARY = "libc++";
				CLANG_ENABLE_MODULES = YES;
				CLANG_ENABLE_OBJC_ARC = YES;
				CLANG_WARN_BOOL_CONVERSION = YES;
				CLANG_WARN_CONSTANT_CONVERSION = YES;
				CLANG_WARN_DIRECT_OBJC_ISA_USAGE = YES_ERROR;
				CLANG_WARN_DOCUMENTATION_COMMENTS = YES;
				CLANG_WARN_EMPTY_BODY = YES;
				CLANG_WARN_ENUM_CONVERSION = YES;
				CLANG_WARN_INFINITE_RECURSION = YES;
				CLANG_WARN_INT_CONVERSION = YES;
				CLANG_WARN_OBJC_ROOT_CLASS = YES_ERROR;
				CLANG_WARN_SUSPICIOUS_MOVE = YES;
				CLANG_WARN_UNREACHABLE_CODE = YES;
				CLANG_WARN__DUPLICATE_METHOD_MATCH = YES;
				"CODE_SIGN_IDENTITY[sdk=iphoneos*]" = "iPhone Developer";
				COPY_PHASE_STRIP = NO;
				DEBUG_INFORMATION_FORMAT = dwarf;
				ENABLE_STRICT_OBJC_MSGSEND = YES;
				ENABLE_TESTABILITY = YES;
				GCC_C_LANGUAGE_STANDARD = gnu99;
				GCC_DYNAMIC_NO_PIC = NO;
				GCC_NO_COMMON_BLOCKS = YES;
				GCC_OPTIMIZATION_LEVEL = 0;
				GCC_PREPROCESSOR_DEFINITIONS = (
					"DEBUG=1",
					"$(inherited)",
				);
				GCC_WARN_64_TO_32_BIT_CONVERSION = YES;
				GCC_WARN_ABOUT_RETURN_TYPE = YES_ERROR;
				GCC_WARN_UNDECLARED_SELECTOR = YES;
				GCC_WARN_UNINITIALIZED_AUTOS = YES_AGGRESSIVE;
				GCC_WARN_UNUSED_FUNCTION = YES;
				GCC_WARN_UNUSED_VARIABLE = YES;
				IPHONEOS_DEPLOYMENT_TARGET = 10.2;
				MTL_ENABLE_DEBUG_INFO = YES;
				ONLY_ACTIVE_ARCH = YES;
				SDKROOT = iphoneos;
				SWIFT_ACTIVE_COMPILATION_CONDITIONS = DEBUG;
				SWIFT_OPTIMIZATION_LEVEL = "-Onone";
			};
			name = Debug;
		};
		ED47759C1E6B6B7500B78118 /* Release */ = {
			isa = XCBuildConfiguration;
			buildSettings = {
				ALWAYS_SEARCH_USER_PATHS = NO;
				CLANG_ANALYZER_NONNULL = YES;
				CLANG_CXX_LANGUAGE_STANDARD = "gnu++0x";
				CLANG_CXX_LIBRARY = "libc++";
				CLANG_ENABLE_MODULES = YES;
				CLANG_ENABLE_OBJC_ARC = YES;
				CLANG_WARN_BOOL_CONVERSION = YES;
				CLANG_WARN_CONSTANT_CONVERSION = YES;
				CLANG_WARN_DIRECT_OBJC_ISA_USAGE = YES_ERROR;
				CLANG_WARN_DOCUMENTATION_COMMENTS = YES;
				CLANG_WARN_EMPTY_BODY = YES;
				CLANG_WARN_ENUM_CONVERSION = YES;
				CLANG_WARN_INFINITE_RECURSION = YES;
				CLANG_WARN_INT_CONVERSION = YES;
				CLANG_WARN_OBJC_ROOT_CLASS = YES_ERROR;
				CLANG_WARN_SUSPICIOUS_MOVE = YES;
				CLANG_WARN_UNREACHABLE_CODE = YES;
				CLANG_WARN__DUPLICATE_METHOD_MATCH = YES;
				"CODE_SIGN_IDENTITY[sdk=iphoneos*]" = "iPhone Developer";
				COPY_PHASE_STRIP = NO;
				DEBUG_INFORMATION_FORMAT = "dwarf-with-dsym";
				ENABLE_NS_ASSERTIONS = NO;
				ENABLE_STRICT_OBJC_MSGSEND = YES;
				GCC_C_LANGUAGE_STANDARD = gnu99;
				GCC_NO_COMMON_BLOCKS = YES;
				GCC_WARN_64_TO_32_BIT_CONVERSION = YES;
				GCC_WARN_ABOUT_RETURN_TYPE = YES_ERROR;
				GCC_WARN_UNDECLARED_SELECTOR = YES;
				GCC_WARN_UNINITIALIZED_AUTOS = YES_AGGRESSIVE;
				GCC_WARN_UNUSED_FUNCTION = YES;
				GCC_WARN_UNUSED_VARIABLE = YES;
				IPHONEOS_DEPLOYMENT_TARGET = 10.2;
				MTL_ENABLE_DEBUG_INFO = NO;
				SDKROOT = iphoneos;
				SWIFT_OPTIMIZATION_LEVEL = "-Owholemodule";
				VALIDATE_PRODUCT = YES;
			};
			name = Release;
		};
		ED47759E1E6B6B7500B78118 /* Debug */ = {
			isa = XCBuildConfiguration;
			baseConfigurationReference = 7464D1B1D27736332A2860BC /* Pods-Food Generator.debug.xcconfig */;
			buildSettings = {
				ASSETCATALOG_COMPILER_APPICON_NAME = AppIcon;
				DEVELOPMENT_TEAM = 23S346KH52;
				INFOPLIST_FILE = "Food Generator/Info.plist";
				IPHONEOS_DEPLOYMENT_TARGET = 9.2;
				LD_RUNPATH_SEARCH_PATHS = "$(inherited) @executable_path/Frameworks";
				PRODUCT_BUNDLE_IDENTIFIER = "mg.Food-Generator";
				PRODUCT_NAME = "$(TARGET_NAME)";
				SWIFT_VERSION = 3.0;
			};
			name = Debug;
		};
		ED47759F1E6B6B7500B78118 /* Release */ = {
			isa = XCBuildConfiguration;
			baseConfigurationReference = 60BCDBFE759328A19980D681 /* Pods-Food Generator.release.xcconfig */;
			buildSettings = {
				ASSETCATALOG_COMPILER_APPICON_NAME = AppIcon;
				DEVELOPMENT_TEAM = 23S346KH52;
				INFOPLIST_FILE = "Food Generator/Info.plist";
				IPHONEOS_DEPLOYMENT_TARGET = 9.2;
				LD_RUNPATH_SEARCH_PATHS = "$(inherited) @executable_path/Frameworks";
				PRODUCT_BUNDLE_IDENTIFIER = "mg.Food-Generator";
				PRODUCT_NAME = "$(TARGET_NAME)";
				SWIFT_VERSION = 3.0;
			};
			name = Release;
		};
		ED4775A11E6B6B7500B78118 /* Debug */ = {
			isa = XCBuildConfiguration;
			baseConfigurationReference = 2EF78852432F760A54934DCC /* Pods-Food GeneratorTests.debug.xcconfig */;
			buildSettings = {
				ALWAYS_EMBED_SWIFT_STANDARD_LIBRARIES = YES;
				BUNDLE_LOADER = "$(TEST_HOST)";
				DEVELOPMENT_TEAM = 23S346KH52;
				INFOPLIST_FILE = "Food GeneratorTests/Info.plist";
				LD_RUNPATH_SEARCH_PATHS = "$(inherited) @executable_path/Frameworks @loader_path/Frameworks";
				PRODUCT_BUNDLE_IDENTIFIER = "mg.Food-GeneratorTests";
				PRODUCT_NAME = "$(TARGET_NAME)";
				SWIFT_VERSION = 3.0;
				TEST_HOST = "$(BUILT_PRODUCTS_DIR)/Food Generator.app/Food Generator";
			};
			name = Debug;
		};
		ED4775A21E6B6B7500B78118 /* Release */ = {
			isa = XCBuildConfiguration;
			baseConfigurationReference = 4F76FF6B5CE6EBEB82D6E2F1 /* Pods-Food GeneratorTests.release.xcconfig */;
			buildSettings = {
				ALWAYS_EMBED_SWIFT_STANDARD_LIBRARIES = YES;
				BUNDLE_LOADER = "$(TEST_HOST)";
				DEVELOPMENT_TEAM = 23S346KH52;
				INFOPLIST_FILE = "Food GeneratorTests/Info.plist";
				LD_RUNPATH_SEARCH_PATHS = "$(inherited) @executable_path/Frameworks @loader_path/Frameworks";
				PRODUCT_BUNDLE_IDENTIFIER = "mg.Food-GeneratorTests";
				PRODUCT_NAME = "$(TARGET_NAME)";
				SWIFT_VERSION = 3.0;
				TEST_HOST = "$(BUILT_PRODUCTS_DIR)/Food Generator.app/Food Generator";
			};
			name = Release;
		};
		ED4775A41E6B6B7500B78118 /* Debug */ = {
			isa = XCBuildConfiguration;
			baseConfigurationReference = 50435F3C44D6F31341D58901 /* Pods-Food GeneratorUITests.debug.xcconfig */;
			buildSettings = {
				ALWAYS_EMBED_SWIFT_STANDARD_LIBRARIES = YES;
				DEVELOPMENT_TEAM = 23S346KH52;
				INFOPLIST_FILE = "Food GeneratorUITests/Info.plist";
				LD_RUNPATH_SEARCH_PATHS = "$(inherited) @executable_path/Frameworks @loader_path/Frameworks";
				PRODUCT_BUNDLE_IDENTIFIER = "mg.Food-GeneratorUITests";
				PRODUCT_NAME = "$(TARGET_NAME)";
				SWIFT_VERSION = 3.0;
				TEST_TARGET_NAME = "Food Generator";
			};
			name = Debug;
		};
		ED4775A51E6B6B7500B78118 /* Release */ = {
			isa = XCBuildConfiguration;
			baseConfigurationReference = 4368D68DC3AB4F2F121F50A7 /* Pods-Food GeneratorUITests.release.xcconfig */;
			buildSettings = {
				ALWAYS_EMBED_SWIFT_STANDARD_LIBRARIES = YES;
				DEVELOPMENT_TEAM = 23S346KH52;
				INFOPLIST_FILE = "Food GeneratorUITests/Info.plist";
				LD_RUNPATH_SEARCH_PATHS = "$(inherited) @executable_path/Frameworks @loader_path/Frameworks";
				PRODUCT_BUNDLE_IDENTIFIER = "mg.Food-GeneratorUITests";
				PRODUCT_NAME = "$(TARGET_NAME)";
				SWIFT_VERSION = 3.0;
				TEST_TARGET_NAME = "Food Generator";
			};
			name = Release;
		};
/* End XCBuildConfiguration section */

/* Begin XCConfigurationList section */
		ED4775701E6B6B7400B78118 /* Build configuration list for PBXProject "Food Generator" */ = {
			isa = XCConfigurationList;
			buildConfigurations = (
				ED47759B1E6B6B7500B78118 /* Debug */,
				ED47759C1E6B6B7500B78118 /* Release */,
			);
			defaultConfigurationIsVisible = 0;
			defaultConfigurationName = Release;
		};
		ED47759D1E6B6B7500B78118 /* Build configuration list for PBXNativeTarget "Food Generator" */ = {
			isa = XCConfigurationList;
			buildConfigurations = (
				ED47759E1E6B6B7500B78118 /* Debug */,
				ED47759F1E6B6B7500B78118 /* Release */,
			);
			defaultConfigurationIsVisible = 0;
			defaultConfigurationName = Release;
		};
		ED4775A01E6B6B7500B78118 /* Build configuration list for PBXNativeTarget "Food GeneratorTests" */ = {
			isa = XCConfigurationList;
			buildConfigurations = (
				ED4775A11E6B6B7500B78118 /* Debug */,
				ED4775A21E6B6B7500B78118 /* Release */,
			);
			defaultConfigurationIsVisible = 0;
			defaultConfigurationName = Release;
		};
		ED4775A31E6B6B7500B78118 /* Build configuration list for PBXNativeTarget "Food GeneratorUITests" */ = {
			isa = XCConfigurationList;
			buildConfigurations = (
				ED4775A41E6B6B7500B78118 /* Debug */,
				ED4775A51E6B6B7500B78118 /* Release */,
			);
			defaultConfigurationIsVisible = 0;
			defaultConfigurationName = Release;
		};
/* End XCConfigurationList section */
	};
	rootObject = ED47756D1E6B6B7400B78118 /* Project object */;
}
